{
  "name": "easy-rich-presence",
  "version": "1.0.0",
  "lockfileVersion": 1,
  "requires": true,
  "dependencies": {
    "discord-rich-presence": {
      "version": "0.0.6",
      "resolved": "https://registry.npmjs.org/discord-rich-presence/-/discord-rich-presence-0.0.6.tgz",
      "integrity": "sha512-QUXEX+LnpwvEvMGYJnQFMDDnkrKdezqMZSkrlvtHpXnJvUyn7enCmt43YPw7Sjv65Cju58mWoe0ZUIfjdr8a0w==",
      "requires": {
        "discord-rpc": "^3.0.0-beta.8"
      }
    },
    "discord-rpc": {
      "version": "3.0.0-beta.11",
      "resolved": "https://registry.npmjs.org/discord-rpc/-/discord-rpc-3.0.0-beta.11.tgz",
      "integrity": "sha512-0KtAOjvK9g7sRzTvPvWm6LZTBqfRAfXhFib930YDxbVqX2CGYAWfaKuRiwtPFQVV5fJPIfRfbrwlElmmqC/L9w==",
      "requires": {
        "snekfetch": "^3.5.8"
      },
      "dependencies": {
        "discord.js": {
          "version": "github:discordjs/discord.js#de408d735b7f6aa56052e903b95b64a06350a3bd",
          "from": "github:discordjs/discord.js#de408d735b7f6aa56052e903b95b64a06350a3bd",
          "requires": {
            "tweetnacl": "^1.0.0"
          }
        },
        "tweetnacl": {
          "version": "1.0.0",
          "resolved": "https://registry.npmjs.org/tweetnacl/-/tweetnacl-1.0.0.tgz",
          "integrity": "sha1-cT2LgY2kIGh0C/aDhtBHnmb8ins="
        }
      }
    },
    "snekfetch": {
      "version": "3.6.4",
      "resolved": "https://registry.npmjs.org/snekfetch/-/snekfetch-3.6.4.tgz",
      "integrity": "sha512-NjxjITIj04Ffqid5lqr7XdgwM7X61c/Dns073Ly170bPQHLm6jkmelye/eglS++1nfTWktpP6Y2bFXjdPlQqdw=="
    }
  }
}
